
Microsoft Visual Studio Solution File, Format Version 12.00
# Visual Studio Version 16
VisualStudioVersion = 16.0.30804.86
MinimumVisualStudioVersion = 10.0.40219.1
Project("{9A19103F-16F7-4668-BE54-9A1E7A4F7556}") = "ListLib", "OwnCollections\ListLib.csproj", "{01169433-0A91-4DAF-A2CA-BBC961E000CE}"
EndProject
Project("{FAE04EC0-301F-11D3-BF4B-00C04F79EFBC}") = "TestConsole", "TestConsole\TestConsole.csproj", "{8016D753-1FD7-4485-BE8D-EEFB19F21F31}"
EndProject
Project("{9A19103F-16F7-4668-BE54-9A1E7A4F7556}") = "MyListTests", "MyListTests\MyListTests.csproj", "{D3815DCA-356B-4E98-AA46-826C5C766B63}"
EndProject
Project("{2150E333-8FDC-42A3-9474-1A3956D46DE8}") = "Solution Items", "Solution Items", "{7C8B6E2A-414F-4530-A5F1-C698C7E91D63}"
	ProjectSection(SolutionItems) = preProject
		ReadMe.txt = ReadMe.txt
	EndProjectSection
EndProject
Global
	GlobalSection(SolutionConfigurationPlatforms) = preSolution
		Debug|Any CPU = Debug|Any CPU
		Release|Any CPU = Release|Any CPU
	EndGlobalSection
	GlobalSection(ProjectConfigurationPlatforms) = postSolution
		{01169433-0A91-4DAF-A2CA-BBC961E000CE}.Debug|Any CPU.ActiveCfg = Debug|Any CPU
		{01169433-0A91-4DAF-A2CA-BBC961E000CE}.Debug|Any CPU.Build.0 = Debug|Any CPU
		{01169433-0A91-4DAF-A2CA-BBC961E000CE}.Release|Any CPU.ActiveCfg = Release|Any CPU
		{01169433-0A91-4DAF-A2CA-BBC961E000CE}.Release|Any CPU.Build.0 = Release|Any CPU
		{8016D753-1FD7-4485-BE8D-EEFB19F21F31}.Debug|Any CPU.ActiveCfg = Debug|Any CPU
		{8016D753-1FD7-4485-BE8D-EEFB19F21F31}.Debug|Any CPU.Build.0 = Debug|Any CPU
		{8016D753-1FD7-4485-BE8D-EEFB19F21F31}.Release|Any CPU.ActiveCfg = Release|Any CPU
		{8016D753-1FD7-4485-BE8D-EEFB19F21F31}.Release|Any CPU.Build.0 = Release|Any CPU
		{D3815DCA-356B-4E98-AA46-826C5C766B63}.Debug|Any CPU.ActiveCfg = Debug|Any CPU
		{D3815DCA-356B-4E98-AA46-826C5C766B63}.Debug|Any CPU.Build.0 = Debug|Any CPU
		{D3815DCA-356B-4E98-AA46-826C5C766B63}.Release|Any CPU.ActiveCfg = Release|Any CPU
		{D3815DCA-356B-4E98-AA46-826C5C766B63}.Release|Any CPU.Build.0 = Release|Any CPU
	EndGlobalSection
	GlobalSection(SolutionProperties) = preSolution
		HideSolutionNode = FALSE
	EndGlobalSection
	GlobalSection(ExtensibilityGlobals) = postSolution
		SolutionGuid = {1414A7EB-BD2F-4033-A57E-62406F0A9995}
	EndGlobalSection
EndGlobal
